
Microsoft Visual Studio Solution File, Format Version 12.00
# Visual Studio Version 16
VisualStudioVersion = 16.0.32630.194
MinimumVisualStudioVersion = 10.0.40219.1
Project("{FAE04EC0-301F-11D3-BF4B-00C04F79EFBC}") = "Client40", "Client\Client40.csproj", "{9BF50101-334F-4F5E-8286-4E76F0D47295}"
EndProject
Project("{FAE04EC0-301F-11D3-BF4B-00C04F79EFBC}") = "Creeper", "Creeper\Creeper.csproj", "{4E6526EE-E709-4C45-ADBF-7838E8D71A9B}"
	ProjectSection(ProjectDependencies) = postProject
		{9BF50101-334F-4F5E-8286-4E76F0D47295} = {9BF50101-334F-4F5E-8286-4E76F0D47295}
		{3B85814F-A51D-4572-9325-947C9E8D217B} = {3B85814F-A51D-4572-9325-947C9E8D217B}
	EndProjectSection
EndProject
Project("{9A19103F-16F7-4668-BE54-9A1E7A4F7556}") = "Server", "Server\Server.csproj", "{9FF6AFB6-04E6-475F-BF95-5D67A2C89106}"
EndProject
Project("{FAE04EC0-301F-11D3-BF4B-00C04F79EFBC}") = "Client35", "Client\Client35.csproj", "{3B85814F-A51D-4572-9325-947C9E8D217B}"
EndProject
Project("{FAE04EC0-301F-11D3-BF4B-00C04F79EFBC}") = "Shared", "Shared\Shared.csproj", "{23FABC9B-B4A9-4F7A-AADA-25B39BCBB6E4}"
EndProject
Global
	GlobalSection(SolutionConfigurationPlatforms) = preSolution
		Debug|Any CPU = Debug|Any CPU
		Release|Any CPU = Release|Any CPU
	EndGlobalSection
	GlobalSection(ProjectConfigurationPlatforms) = postSolution
		{9BF50101-334F-4F5E-8286-4E76F0D47295}.Debug|Any CPU.ActiveCfg = Debug|Any CPU
		{9BF50101-334F-4F5E-8286-4E76F0D47295}.Debug|Any CPU.Build.0 = Debug|Any CPU
		{9BF50101-334F-4F5E-8286-4E76F0D47295}.Release|Any CPU.ActiveCfg = Release|Any CPU
		{9BF50101-334F-4F5E-8286-4E76F0D47295}.Release|Any CPU.Build.0 = Release|Any CPU
		{4E6526EE-E709-4C45-ADBF-7838E8D71A9B}.Debug|Any CPU.ActiveCfg = Debug|Any CPU
		{4E6526EE-E709-4C45-ADBF-7838E8D71A9B}.Debug|Any CPU.Build.0 = Debug|Any CPU
		{4E6526EE-E709-4C45-ADBF-7838E8D71A9B}.Release|Any CPU.ActiveCfg = Release|Any CPU
		{4E6526EE-E709-4C45-ADBF-7838E8D71A9B}.Release|Any CPU.Build.0 = Release|Any CPU
		{9FF6AFB6-04E6-475F-BF95-5D67A2C89106}.Debug|Any CPU.ActiveCfg = Debug|Any CPU
		{9FF6AFB6-04E6-475F-BF95-5D67A2C89106}.Debug|Any CPU.Build.0 = Debug|Any CPU
		{9FF6AFB6-04E6-475F-BF95-5D67A2C89106}.Release|Any CPU.ActiveCfg = Release|Any CPU
		{9FF6AFB6-04E6-475F-BF95-5D67A2C89106}.Release|Any CPU.Build.0 = Release|Any CPU
		{3B85814F-A51D-4572-9325-947C9E8D217B}.Debug|Any CPU.ActiveCfg = Debug|Any CPU
		{3B85814F-A51D-4572-9325-947C9E8D217B}.Debug|Any CPU.Build.0 = Debug|Any CPU
		{3B85814F-A51D-4572-9325-947C9E8D217B}.Release|Any CPU.ActiveCfg = Release|Any CPU
		{3B85814F-A51D-4572-9325-947C9E8D217B}.Release|Any CPU.Build.0 = Release|Any CPU
		{23FABC9B-B4A9-4F7A-AADA-25B39BCBB6E4}.Debug|Any CPU.ActiveCfg = Debug|Any CPU
		{23FABC9B-B4A9-4F7A-AADA-25B39BCBB6E4}.Debug|Any CPU.Build.0 = Debug|Any CPU
		{23FABC9B-B4A9-4F7A-AADA-25B39BCBB6E4}.Release|Any CPU.ActiveCfg = Release|Any CPU
		{23FABC9B-B4A9-4F7A-AADA-25B39BCBB6E4}.Release|Any CPU.Build.0 = Release|Any CPU
	EndGlobalSection
	GlobalSection(SolutionProperties) = preSolution
		HideSolutionNode = FALSE
	EndGlobalSection
	GlobalSection(ExtensibilityGlobals) = postSolution
		SolutionGuid = {9FE55BCC-E9B1-44D9-A203-3DA97EEC2F42}
	EndGlobalSection
EndGlobal
